
Microsoft Visual Studio Solution File, Format Version 12.00
# Visual Studio Version 16
VisualStudioVersion = 16.0.32126.315
MinimumVisualStudioVersion = 10.0.40219.1
Project("{FAE04EC0-301F-11D3-BF4B-00C04F79EFBC}") = "classes", "classes\classes.csproj", "{1EE3A595-D268-4861-B862-5ECCDD79ACE7}"
EndProject
Global
	GlobalSection(SolutionConfigurationPlatforms) = preSolution
		Debug|Any CPU = Debug|Any CPU
		Release|Any CPU = Release|Any CPU
	EndGlobalSection
	GlobalSection(ProjectConfigurationPlatforms) = postSolution
		{1EE3A595-D268-4861-B862-5ECCDD79ACE7}.Debug|Any CPU.ActiveCfg = Debug|Any CPU
		{1EE3A595-D268-4861-B862-5ECCDD79ACE7}.Debug|Any CPU.Build.0 = Debug|Any CPU
		{1EE3A595-D268-4861-B862-5ECCDD79ACE7}.Release|Any CPU.ActiveCfg = Release|Any CPU
		{1EE3A595-D268-4861-B862-5ECCDD79ACE7}.Release|Any CPU.Build.0 = Release|Any CPU
	EndGlobalSection
	GlobalSection(SolutionProperties) = preSolution
		HideSolutionNode = FALSE
	EndGlobalSection
	GlobalSection(ExtensibilityGlobals) = postSolution
		SolutionGuid = {59F488DC-DEE3-4603-99BF-10BCB2D207FD}
	EndGlobalSection
EndGlobal
